
Microsoft Visual Studio Solution File, Format Version 12.00
# Visual Studio 15
Project("{FAE04EC0-301F-11D3-BF4B-00C04F79EFBC}") = "Assembly-CSharp", "Assembly-CSharp.csproj", "{347D07A8-EE02-2855-4DD8-60B396173CFE}"
EndProject
Global
	GlobalSection(SolutionConfigurationPlatforms) = preSolution
		Debug|Any CPU = Debug|Any CPU
		Release|Any CPU = Release|Any CPU
	EndGlobalSection
	GlobalSection(ProjectConfigurationPlatforms) = postSolution
		{347D07A8-EE02-2855-4DD8-60B396173CFE}.Debug|Any CPU.ActiveCfg = Debug|Any CPU
		{347D07A8-EE02-2855-4DD8-60B396173CFE}.Debug|Any CPU.Build.0 = Debug|Any CPU
		{347D07A8-EE02-2855-4DD8-60B396173CFE}.Release|Any CPU.ActiveCfg = Release|Any CPU
		{347D07A8-EE02-2855-4DD8-60B396173CFE}.Release|Any CPU.Build.0 = Release|Any CPU
	EndGlobalSection
	GlobalSection(SolutionProperties) = preSolution
		HideSolutionNode = FALSE
	EndGlobalSection
EndGlobal
